{
    "_readme": [
        "This file locks the dependencies of your project to a known state",
        "Read more about it at https://getcomposer.org/doc/01-basic-usage.md#composer-lock-the-lock-file",
        "This file is @generated automatically"
    ],
    "hash": "233b8ec3ceb60d09384a3f829b5e50c6",
    "packages": [],
    "packages-dev": [
        {
            "name": "beberlei/assert",
            "version": "v2.3",
            "source": {
                "type": "git",
                "url": "https://github.com/beberlei/assert.git",
                "reference": "160eba4d1fbe692e42b3cf8a20b92ab23e3a8759"
            },
            "dist": {
                "type": "zip",
                "url": "https://api.github.com/repos/beberlei/assert/zipball/160eba4d1fbe692e42b3cf8a20b92ab23e3a8759",
                "reference": "160eba4d1fbe692e42b3cf8a20b92ab23e3a8759",
                "shasum": ""
            },
            "require": {
                "ext-mbstring": "*"
            },
            "type": "library",
            "extra": {
                "branch-alias": {
                    "dev-master": "2.3-dev"
                }
            },
            "autoload": {
                "psr-0": {
                    "Assert": "lib/"
                },
                "files": [
                    "lib/Assert/functions.php"
                ]
            },
            "notification-url": "https://packagist.org/downloads/",
            "license": [
                "BSD-2-Clause"
            ],
            "authors": [
                {
                    "name": "Benjamin Eberlei",
                    "email": "kontakt@beberlei.de"
                }
            ],
            "description": "Thin assertion library for input validation in business models.",
            "keywords": [
                "assert",
                "assertion",
                "validation"
            ],
            "time": "2014-12-18 19:12:40"
        },
        {
            "name": "php-vcr/php-vcr",
            "version": "dev-master",
            "source": {
                "type": "git",
                "url": "https://github.com/php-vcr/php-vcr.git",
                "reference": "4b2826120908f0699ffe831a27bd7e30b59682f5"
            },
            "dist": {
                "type": "zip",
                "url": "https://api.github.com/repos/php-vcr/php-vcr/zipball/4b2826120908f0699ffe831a27bd7e30b59682f5",
                "reference": "4b2826120908f0699ffe831a27bd7e30b59682f5",
                "shasum": ""
            },
            "require": {
                "beberlei/assert": "2.*",
                "ext-curl": "*",
                "symfony/event-dispatcher": "~2.1",
                "symfony/yaml": "2.*"
            },
            "require-dev": {
                "lapistano/proxy-object": "dev-master",
                "mikey179/vfsstream": "1.2.*",
                "phpunit/phpunit": "3.*"
            },
            "type": "library",
            "autoload": {
                "classmap": [
                    "src/"
                ]
            },
            "notification-url": "https://packagist.org/downloads/",
            "license": [
                "MIT"
            ],
            "authors": [
                {
                    "name": "Adrian Philipp",
                    "email": "mail@adrian-philipp.com"
                }
            ],
            "description": "Record your test suite's HTTP interactions and replay them during future test runs for fast, deterministic, accurate tests.",
            "time": "2015-08-01 08:48:37"
        },
        {
            "name": "php-vcr/phpunit-testlistener-vcr",
            "version": "1.1.5",
            "source": {
                "type": "git",
                "url": "https://github.com/php-vcr/phpunit-testlistener-vcr.git",
                "reference": "d9f96020e47c7adb06a0e0faafb86cfd2b9d6a13"
            },
            "dist": {
                "type": "zip",
                "url": "https://api.github.com/repos/php-vcr/phpunit-testlistener-vcr/zipball/d9f96020e47c7adb06a0e0faafb86cfd2b9d6a13",
                "reference": "d9f96020e47c7adb06a0e0faafb86cfd2b9d6a13",
                "shasum": ""
            },
            "require": {
                "php-vcr/php-vcr": "*"
            },
            "type": "library",
            "notification-url": "https://packagist.org/downloads/",
            "license": [
                "MIT"
            ],
            "authors": [
                {
                    "name": "Adrian Philipp",
                    "email": "mail@adrian-philipp.com"
                }
            ],
            "description": "Integrates PHPUnit with PHP-VCR.",
            "time": "2014-10-29 08:16:07"
        },
        {
            "name": "raveren/kint",
            "version": "dev-master",
            "source": {
                "type": "git",
                "url": "https://github.com/raveren/kint.git",
                "reference": "84807eb67af45f182636e7d34c6267e7f062f9ac"
            },
            "dist": {
                "type": "zip",
                "url": "https://api.github.com/repos/raveren/kint/zipball/84807eb67af45f182636e7d34c6267e7f062f9ac",
                "reference": "84807eb67af45f182636e7d34c6267e7f062f9ac",
                "shasum": ""
            },
            "require": {
                "php": ">=5.1.0"
            },
            "type": "library",
            "extra": {
                "branch-alias": {
                    "dev-master": "1.0.x-dev"
                }
            },
            "autoload": {
                "files": [
                    "Kint.class.php"
                ]
            },
            "notification-url": "https://packagist.org/downloads/",
            "license": [
                "MIT"
            ],
            "authors": [
                {
                    "name": "Rokas Šleinius",
                    "homepage": "https://github.com/raveren"
                },
                {
                    "name": "Contributors",
                    "homepage": "https://github.com/raveren/kint/contributors"
                }
            ],
            "description": "Kint - debugging helper for PHP developers",
            "homepage": "https://github.com/raveren/kint",
            "keywords": [
                "debug",
                "kint",
                "php"
            ],
            "time": "2015-08-13 08:23:04"
        },
        {
            "name": "symfony/event-dispatcher",
            "version": "v2.7.3",
            "source": {
                "type": "git",
                "url": "https://github.com/symfony/EventDispatcher.git",
                "reference": "9310b5f9a87ec2ea75d20fec0b0017c77c66dac3"
            },
            "dist": {
                "type": "zip",
                "url": "https://api.github.com/repos/symfony/EventDispatcher/zipball/9310b5f9a87ec2ea75d20fec0b0017c77c66dac3",
                "reference": "9310b5f9a87ec2ea75d20fec0b0017c77c66dac3",
                "shasum": ""
            },
            "require": {
                "php": ">=5.3.9"
            },
            "require-dev": {
                "psr/log": "~1.0",
                "symfony/config": "~2.0,>=2.0.5",
                "symfony/dependency-injection": "~2.6",
                "symfony/expression-language": "~2.6",
                "symfony/phpunit-bridge": "~2.7",
                "symfony/stopwatch": "~2.3"
            },
            "suggest": {
                "symfony/dependency-injection": "",
                "symfony/http-kernel": ""
            },
            "type": "library",
            "extra": {
                "branch-alias": {
                    "dev-master": "2.7-dev"
                }
            },
            "autoload": {
                "psr-4": {
                    "Symfony\\Component\\EventDispatcher\\": ""
                }
            },
            "notification-url": "https://packagist.org/downloads/",
            "license": [
                "MIT"
            ],
            "authors": [
                {
                    "name": "Fabien Potencier",
                    "email": "fabien@symfony.com"
                },
                {
                    "name": "Symfony Community",
                    "homepage": "https://symfony.com/contributors"
                }
            ],
            "description": "Symfony EventDispatcher Component",
            "homepage": "https://symfony.com",
            "time": "2015-06-18 19:21:56"
        },
        {
            "name": "symfony/yaml",
            "version": "v2.7.3",
            "source": {
                "type": "git",
                "url": "https://github.com/symfony/Yaml.git",
                "reference": "71340e996171474a53f3d29111d046be4ad8a0ff"
            },
            "dist": {
                "type": "zip",
                "url": "https://api.github.com/repos/symfony/Yaml/zipball/71340e996171474a53f3d29111d046be4ad8a0ff",
                "reference": "71340e996171474a53f3d29111d046be4ad8a0ff",
                "shasum": ""
            },
            "require": {
                "php": ">=5.3.9"
            },
            "require-dev": {
                "symfony/phpunit-bridge": "~2.7"
            },
            "type": "library",
            "extra": {
                "branch-alias": {
                    "dev-master": "2.7-dev"
                }
            },
            "autoload": {
                "psr-4": {
                    "Symfony\\Component\\Yaml\\": ""
                }
            },
            "notification-url": "https://packagist.org/downloads/",
            "license": [
                "MIT"
            ],
            "authors": [
                {
                    "name": "Fabien Potencier",
                    "email": "fabien@symfony.com"
                },
                {
                    "name": "Symfony Community",
                    "homepage": "https://symfony.com/contributors"
                }
            ],
            "description": "Symfony Yaml Component",
            "homepage": "https://symfony.com",
            "time": "2015-07-28 14:07:07"
        }
    ],
    "aliases": [],
    "minimum-stability": "stable",
    "stability-flags": {
        "raveren/kint": 20,
        "php-vcr/php-vcr": 20
    },
    "prefer-stable": false,
    "prefer-lowest": false,
    "platform": [],
    "platform-dev": []
}
